schema: '2.0'
stages:
  load_data:
    cmd: python -m src.data_loading.load_data
    deps:
    - path: src/data_loading/load_data.py
      hash: md5
      md5: b503949d82e246b157c0393411a542fb
      size: 1482
    outs:
    - path: data/raw/raw.csv
      hash: md5
      md5: f806d1ab4dae87a78ad07a1404e5dbba
      size: 116187
  preprocess_data:
    cmd: python -m src.data_preprocessing.preprocess_data
    deps:
    - path: data/raw/raw.csv
      hash: md5
      md5: f806d1ab4dae87a78ad07a1404e5dbba
      size: 116187
    - path: src/data_preprocessing/preprocess_data.py
      hash: md5
      md5: 727f22f9650a9dfb2b1a217912d46034
      size: 3993
    params:
      params.yaml:
        preprocess_data.random_seed: 42
        preprocess_data.test_size: 0.25
    outs:
    - path: artifacts/[features]_mean_imputer.joblib
      hash: md5
      md5: 61768d3533ec182cc928c400c3ba38f3
      size: 1511
    - path: data/preprocessed/test_preprocessed.csv
      hash: md5
      md5: 7d81e4db138d00ba8ec8bb6a80fb231e
      size: 33576
    - path: data/preprocessed/train_preprocessed.csv
      hash: md5
      md5: d9d394e8c546f8037bcca6823b478d47
      size: 98777
  engineer_features:
    cmd: python -m src.feature_engineering.engineer_features
    deps:
    - path: data/preprocessed/test_preprocessed.csv
      hash: md5
      md5: 7d81e4db138d00ba8ec8bb6a80fb231e
      size: 33576
    - path: data/preprocessed/train_preprocessed.csv
      hash: md5
      md5: d9d394e8c546f8037bcca6823b478d47
      size: 98777
    - path: src/feature_engineering/engineer_features.py
      hash: md5
      md5: f8446b81a185b5c5d4b06fd60a3b9b9f
      size: 3052
    outs:
    - path: artifacts/[features]_scaler.joblib
      hash: md5
      md5: b28923b87e68f468b81fba6bf6214998
      size: 2135
    - path: data/processed/test_processed.csv
      hash: md5
      md5: 25c6e0701f3313d26899603bf7f25cc9
      size: 85643
    - path: data/processed/train_processed.csv
      hash: md5
      md5: e3c2bbc766736cc92ef87660595c39a9
      size: 252887
  train:
    cmd: python -m src.model_training.train_model
    deps:
    - path: data/processed/train_processed.csv
      hash: md5
      md5: e3c2bbc766736cc92ef87660595c39a9
      size: 252887
    - path: src/model_training/train_model.py
      hash: md5
      md5: fd945a90dc5352f424cf8e2438c9fc82
      size: 6029
    params:
      params.yaml:
        train.batch_size: 32
        train.dropout_rate: 0.3
        train.epochs: 100
        train.hidden_layer_1_neurons: 64
        train.hidden_layer_2_neurons: 32
        train.learning_rate: 0.001
    outs:
    - path: artifacts/[target]_one_hot_encoder.joblib
      hash: md5
      md5: 9c68e41a114fdb0985121e8d89f055bc
      size: 617
    - path: metrics/training.json
      hash: md5
      md5: a5d610703c02327fbca723152f85ff8e
      size: 140
    - path: models/model.keras
      hash: md5
      md5: 33f5c52652998583051d5f7f5d011f5a
      size: 79417
  evaluate:
    cmd: python -m src.model_evaluation.evaluate_model
    deps:
    - path: artifacts/[target]_one_hot_encoder.joblib
      hash: md5
      md5: 9c68e41a114fdb0985121e8d89f055bc
      size: 617
    - path: data/processed/test_processed.csv
      hash: md5
      md5: 25c6e0701f3313d26899603bf7f25cc9
      size: 85643
    - path: models/model.keras
      hash: md5
      md5: 33f5c52652998583051d5f7f5d011f5a
      size: 79417
    - path: src/model_evaluation/evaluate_model.py
      hash: md5
      md5: bf35931e8f178004213063882ae5d018
      size: 4139
    outs:
    - path: metrics/evaluation.json
      hash: md5
      md5: f6bf3b26da2dc4160065e93a3e7fe628
      size: 794
