schema: '2.0'
stages:
  load_data:
    cmd: python -m src.data_loading.load_data
    deps:
    - path: src/data_loading/load_data.py
      hash: md5
      md5: b503949d82e246b157c0393411a542fb
      size: 1482
    outs:
    - path: data/raw/raw.csv
      hash: md5
      md5: 05621440d8b6aa7674a3b12a9238480e
      size: 116187
  preprocess_data:
    cmd: python -m src.data_preprocessing.preprocess_data
    deps:
    - path: data/raw/raw.csv
      hash: md5
      md5: 05621440d8b6aa7674a3b12a9238480e
      size: 116187
    - path: src/data_preprocessing/preprocess_data.py
      hash: md5
      md5: 727f22f9650a9dfb2b1a217912d46034
      size: 3993
    params:
      params.yaml:
        preprocess_data.random_seed: 42
        preprocess_data.test_size: 0.25
    outs:
    - path: artifacts/[features]_mean_imputer.joblib
      hash: md5
      md5: ba53fe5c6d74ed9fc32eda2018e80ad5
      size: 1511
    - path: data/preprocessed/test_preprocessed.csv
      hash: md5
      md5: 17d3500ba082147e66760e7bc7d9513c
      size: 33313
    - path: data/preprocessed/train_preprocessed.csv
      hash: md5
      md5: 1af0fb5e43d88f3f2bb9610a25ed3410
      size: 99005
  engineer_features:
    cmd: python -m src.feature_engineering.engineer_features
    deps:
    - path: data/preprocessed/test_preprocessed.csv
      hash: md5
      md5: 17d3500ba082147e66760e7bc7d9513c
      size: 33313
    - path: data/preprocessed/train_preprocessed.csv
      hash: md5
      md5: 1af0fb5e43d88f3f2bb9610a25ed3410
      size: 99005
    - path: src/feature_engineering/engineer_features.py
      hash: md5
      md5: f8446b81a185b5c5d4b06fd60a3b9b9f
      size: 3052
    outs:
    - path: artifacts/[features]_scaler.joblib
      hash: md5
      md5: 2db74d196c6083ec2f72cd0c590da03d
      size: 2135
    - path: data/processed/test_processed.csv
      hash: md5
      md5: 1caf40e6e00404d575be413bc955b1e7
      size: 84602
    - path: data/processed/train_processed.csv
      hash: md5
      md5: 0b1d6db932289999501fcea666fcf57a
      size: 251269
  train:
    cmd: python -m src.model_training.train_model
    deps:
    - path: data/processed/train_processed.csv
      hash: md5
      md5: 0b1d6db932289999501fcea666fcf57a
      size: 251269
    - path: src/model_training/train_model.py
      hash: md5
      md5: 16882d4d228f2794f649f09e0a9c36fc
      size: 5302
    params:
      params.yaml:
        train.batch_size: 32
        train.dropout_rate: 0.3
        train.epochs: 100
        train.hidden_layer_1_neurons: 64
        train.hidden_layer_2_neurons: 32
        train.learning_rate: 0.001
    outs:
    - path: artifacts/[target]_one_hot_encoder.joblib
      hash: md5
      md5: 9c68e41a114fdb0985121e8d89f055bc
      size: 617
    - path: metrics/training.json
      hash: md5
      md5: 5f6ae448b4282bfe91115a0b574e59d0
      size: 139
    - path: models/model.keras
      hash: md5
      md5: 7b31a386553b78a83cef8549ebd03202
      size: 79417
  evaluate:
    cmd: python -m src.model_evaluation.evaluate_model
    deps:
    - path: artifacts/[target]_one_hot_encoder.joblib
      hash: md5
      md5: 9c68e41a114fdb0985121e8d89f055bc
      size: 617
    - path: data/processed/test_processed.csv
      hash: md5
      md5: 1caf40e6e00404d575be413bc955b1e7
      size: 84602
    - path: models/model.keras
      hash: md5
      md5: 7b31a386553b78a83cef8549ebd03202
      size: 79417
    - path: src/model_evaluation/evaluate_model.py
      hash: md5
      md5: 1300021eeca5193c758efb74cfff4814
      size: 2514
    outs:
    - path: metrics/evaluation.json
      hash: md5
      md5: 3d6e401857defcfc8dde70e7a872eece
      size: 792
